
Microsoft Visual Studio Solution File, Format Version 12.00
# Visual Studio Version 17
VisualStudioVersion = 17.8.34511.84
MinimumVisualStudioVersion = 10.0.40219.1
Project("{FAE04EC0-301F-11D3-BF4B-00C04F79EFBC}") = "TicketVibe.Api", "TicketVibe.Api\TicketVibe.Api.csproj", "{D219777D-578F-4796-83B5-B52DCD19E280}"
EndProject
Global
	GlobalSection(SolutionConfigurationPlatforms) = preSolution
		Debug|Any CPU = Debug|Any CPU
		Release|Any CPU = Release|Any CPU
	EndGlobalSection
	GlobalSection(ProjectConfigurationPlatforms) = postSolution
		{D219777D-578F-4796-83B5-B52DCD19E280}.Debug|Any CPU.ActiveCfg = Debug|Any CPU
		{D219777D-578F-4796-83B5-B52DCD19E280}.Debug|Any CPU.Build.0 = Debug|Any CPU
		{D219777D-578F-4796-83B5-B52DCD19E280}.Release|Any CPU.ActiveCfg = Release|Any CPU
		{D219777D-578F-4796-83B5-B52DCD19E280}.Release|Any CPU.Build.0 = Release|Any CPU
	EndGlobalSection
	GlobalSection(SolutionProperties) = preSolution
		HideSolutionNode = FALSE
	EndGlobalSection
	GlobalSection(ExtensibilityGlobals) = postSolution
		SolutionGuid = {422E756A-5B96-405D-9BD9-FDB86CE97D7E}
	EndGlobalSection
EndGlobal
