
Microsoft Visual Studio Solution File, Format Version 12.00
# Visual Studio Version 17
VisualStudioVersion = 17.8.34511.84
MinimumVisualStudioVersion = 10.0.40219.1
Project("{9A19103F-16F7-4668-BE54-9A1E7A4F7556}") = "TicketVibe.Api", "TicketVibe.Api\TicketVibe.Api.csproj", "{D219777D-578F-4796-83B5-B52DCD19E280}"
EndProject
Project("{9A19103F-16F7-4668-BE54-9A1E7A4F7556}") = "TicketVibe.Entities", "TicketVibe.Entities\TicketVibe.Entities.csproj", "{5215CE3E-FAA6-41F5-A41B-0C40EF37F550}"
EndProject
Project("{9A19103F-16F7-4668-BE54-9A1E7A4F7556}") = "TicketVibe.Repositories", "TicketVibe.Repositories\TicketVibe.Repositories.csproj", "{6BE1DCE2-7C2D-4DC5-AC18-512BD1EFE46F}"
EndProject
Project("{FAE04EC0-301F-11D3-BF4B-00C04F79EFBC}") = "TicketVibe.Persistence", "TicketVibe.Persistence\TicketVibe.Persistence.csproj", "{B0E9E1CE-19D4-4415-A7E9-522258F4E35D}"
EndProject
Global
	GlobalSection(SolutionConfigurationPlatforms) = preSolution
		Debug|Any CPU = Debug|Any CPU
		Release|Any CPU = Release|Any CPU
	EndGlobalSection
	GlobalSection(ProjectConfigurationPlatforms) = postSolution
		{D219777D-578F-4796-83B5-B52DCD19E280}.Debug|Any CPU.ActiveCfg = Debug|Any CPU
		{D219777D-578F-4796-83B5-B52DCD19E280}.Debug|Any CPU.Build.0 = Debug|Any CPU
		{D219777D-578F-4796-83B5-B52DCD19E280}.Release|Any CPU.ActiveCfg = Release|Any CPU
		{D219777D-578F-4796-83B5-B52DCD19E280}.Release|Any CPU.Build.0 = Release|Any CPU
		{5215CE3E-FAA6-41F5-A41B-0C40EF37F550}.Debug|Any CPU.ActiveCfg = Debug|Any CPU
		{5215CE3E-FAA6-41F5-A41B-0C40EF37F550}.Debug|Any CPU.Build.0 = Debug|Any CPU
		{5215CE3E-FAA6-41F5-A41B-0C40EF37F550}.Release|Any CPU.ActiveCfg = Release|Any CPU
		{5215CE3E-FAA6-41F5-A41B-0C40EF37F550}.Release|Any CPU.Build.0 = Release|Any CPU
		{6BE1DCE2-7C2D-4DC5-AC18-512BD1EFE46F}.Debug|Any CPU.ActiveCfg = Debug|Any CPU
		{6BE1DCE2-7C2D-4DC5-AC18-512BD1EFE46F}.Debug|Any CPU.Build.0 = Debug|Any CPU
		{6BE1DCE2-7C2D-4DC5-AC18-512BD1EFE46F}.Release|Any CPU.ActiveCfg = Release|Any CPU
		{6BE1DCE2-7C2D-4DC5-AC18-512BD1EFE46F}.Release|Any CPU.Build.0 = Release|Any CPU
		{B0E9E1CE-19D4-4415-A7E9-522258F4E35D}.Debug|Any CPU.ActiveCfg = Debug|Any CPU
		{B0E9E1CE-19D4-4415-A7E9-522258F4E35D}.Debug|Any CPU.Build.0 = Debug|Any CPU
		{B0E9E1CE-19D4-4415-A7E9-522258F4E35D}.Release|Any CPU.ActiveCfg = Release|Any CPU
		{B0E9E1CE-19D4-4415-A7E9-522258F4E35D}.Release|Any CPU.Build.0 = Release|Any CPU
	EndGlobalSection
	GlobalSection(SolutionProperties) = preSolution
		HideSolutionNode = FALSE
	EndGlobalSection
	GlobalSection(ExtensibilityGlobals) = postSolution
		SolutionGuid = {422E756A-5B96-405D-9BD9-FDB86CE97D7E}
	EndGlobalSection
EndGlobal
